{
  "name": "phasereditor2d-v3-monaco-plugins",
  "version": "1.0.0",
  "lockfileVersion": 3,
  "requires": true,
  "packages": {
    "": {
      "name": "phasereditor2d-v3-monaco-plugins",
      "version": "1.0.0",
      "license": "MIT",
      "devDependencies": {
        "colibri-packer": "file:../colibri-packer",
        "typescript": "^5.1.6"
      }
    },
    "../colibri-packer": {
      "version": "1.0.0",
      "dev": true,
      "license": "MIT",
      "dependencies": {
        "argparse": "^2.0.1"
      },
      "bin": {
        "colibri-packer": "dist/bin/cli.js"
      },
      "devDependencies": {
        "@types/argparse": "^2.0.10",
        "@types/node": "^20.4.2",
        "typescript": "^5.1.6"
      }
    },
    "node_modules/colibri-packer": {
      "resolved": "../colibri-packer",
      "link": true
    },
    "node_modules/typescript": {
      "version": "5.1.6",
      "resolved": "https://registry.npmjs.org/typescript/-/typescript-5.1.6.tgz",
      "integrity": "sha512-zaWCozRZ6DLEWAWFrVDz1H6FVXzUSfTy5FUMWsQlU8Ym5JP9eO4xkTIROFCQvhQf61z6O/G6ugw3SgAnvvm+HA==",
      "dev": true,
      "bin": {
        "tsc": "bin/tsc",
        "tsserver": "bin/tsserver"
      },
      "engines": {
        "node": ">=14.17"
      }
    }
  }
}
