{
  "name": "phasereditor2d-v3-monaco-plugins",
  "version": "1.0.0",
  "lockfileVersion": 3,
  "requires": true,
  "packages": {
    "": {
      "name": "phasereditor2d-v3-monaco-plugins",
      "version": "1.0.0",
      "license": "MIT",
      "devDependencies": {
        "colibri-packer": "^1.1.2",
        "typescript": "^5.1.6"
      }
    },
    "../colibri-packer": {
      "version": "1.1.2",
      "extraneous": true,
      "license": "MIT",
      "dependencies": {
        "argparse": "^2.0.1"
      },
      "bin": {
        "colibri-packer": "dist/bin/cli.js"
      },
      "devDependencies": {
        "@types/argparse": "^2.0.10",
        "@types/node": "^20.4.2",
        "typescript": "^5.1.6"
      }
    },
    "node_modules/argparse": {
      "version": "2.0.1",
      "resolved": "https://registry.npmjs.org/argparse/-/argparse-2.0.1.tgz",
      "integrity": "sha512-8+9WqebbFzpX9OR+Wa6O29asIogeRMzcGtAINdpMHHyAg10f05aSFVBbcEqGf/PXw1EjAZ+q2/bEBg3DvurK3Q==",
      "dev": true
    },
    "node_modules/colibri-packer": {
      "version": "1.1.2",
      "resolved": "https://registry.npmjs.org/colibri-packer/-/colibri-packer-1.1.2.tgz",
      "integrity": "sha512-UGbH80kLMgRAArl3j9UL/Pu4PU6fduO3mS1R+FG2G57rNAVp4vq5RFkiTiHrcaNU4DlLiXwE4oarQ4QYx9815w==",
      "dev": true,
      "dependencies": {
        "argparse": "^2.0.1"
      },
      "bin": {
        "colibri-packer": "dist/bin/cli.js"
      }
    },
    "node_modules/typescript": {
      "version": "5.3.3",
      "resolved": "https://registry.npmjs.org/typescript/-/typescript-5.3.3.tgz",
      "integrity": "sha512-pXWcraxM0uxAS+tN0AG/BF2TyqmHO014Z070UsJ+pFvYuRSq8KH8DmWpnbXe0pEPDHXZV3FcAbJkijJ5oNEnWw==",
      "dev": true,
      "bin": {
        "tsc": "bin/tsc",
        "tsserver": "bin/tsserver"
      },
      "engines": {
        "node": ">=14.17"
      }
    }
  }
}
